
Microsoft Visual Studio Solution File, Format Version 12.00
# Visual Studio 15
VisualStudioVersion = 15.0.28307.572
MinimumVisualStudioVersion = 10.0.40219.1
Project("{FAE04EC0-301F-11D3-BF4B-00C04F79EFBC}") = "GameListWebApp", "GameListWebApp\GameListWebApp.csproj", "{3427CA2D-7CC1-4752-82BE-E725DA942B51}"
EndProject
Global
	GlobalSection(SolutionConfigurationPlatforms) = preSolution
		Debug|Any CPU = Debug|Any CPU
		Release|Any CPU = Release|Any CPU
	EndGlobalSection
	GlobalSection(ProjectConfigurationPlatforms) = postSolution
		{3427CA2D-7CC1-4752-82BE-E725DA942B51}.Debug|Any CPU.ActiveCfg = Debug|Any CPU
		{3427CA2D-7CC1-4752-82BE-E725DA942B51}.Debug|Any CPU.Build.0 = Debug|Any CPU
		{3427CA2D-7CC1-4752-82BE-E725DA942B51}.Release|Any CPU.ActiveCfg = Release|Any CPU
		{3427CA2D-7CC1-4752-82BE-E725DA942B51}.Release|Any CPU.Build.0 = Release|Any CPU
	EndGlobalSection
	GlobalSection(SolutionProperties) = preSolution
		HideSolutionNode = FALSE
	EndGlobalSection
	GlobalSection(ExtensibilityGlobals) = postSolution
		SolutionGuid = {8424BE1B-AE80-4939-95C3-53E6B1643979}
	EndGlobalSection
EndGlobal
